
Microsoft Visual Studio Solution File, Format Version 12.00
# Visual Studio Version 17
VisualStudioVersion = 17.6.33829.357
MinimumVisualStudioVersion = 10.0.40219.1
Project("{FAE04EC0-301F-11D3-BF4B-00C04F79EFBC}") = "AJT_Leasing_API", "AJT_Leasing_API.csproj", "{AE4403D9-0947-4E25-B4DE-B395269EFF54}"
EndProject
Global
	GlobalSection(SolutionConfigurationPlatforms) = preSolution
		Debug|Any CPU = Debug|Any CPU
		Release|Any CPU = Release|Any CPU
	EndGlobalSection
	GlobalSection(ProjectConfigurationPlatforms) = postSolution
		{AE4403D9-0947-4E25-B4DE-B395269EFF54}.Debug|Any CPU.ActiveCfg = Debug|Any CPU
		{AE4403D9-0947-4E25-B4DE-B395269EFF54}.Debug|Any CPU.Build.0 = Debug|Any CPU
		{AE4403D9-0947-4E25-B4DE-B395269EFF54}.Release|Any CPU.ActiveCfg = Release|Any CPU
		{AE4403D9-0947-4E25-B4DE-B395269EFF54}.Release|Any CPU.Build.0 = Release|Any CPU
	EndGlobalSection
	GlobalSection(SolutionProperties) = preSolution
		HideSolutionNode = FALSE
	EndGlobalSection
	GlobalSection(ExtensibilityGlobals) = postSolution
		SolutionGuid = {B2B222BC-F9C9-4C9A-8C81-D3053C22AD69}
	EndGlobalSection
EndGlobal
